<Project xmlns="http://schemas.microsoft.com/developer/msbuild/2003">
    <PropertyGroup>
        <ProjectGuid>{E1CA5E0D-C589-4C2E-B899-0B9EB9A5A1C6}</ProjectGuid>
        <ProjectVersion>15.4</ProjectVersion>
        <FrameworkType>VCL</FrameworkType>
        <MainSource>ServidorDSRestWK.dpr</MainSource>
        <Base>True</Base>
        <Config Condition="'$(Config)'==''">Release</Config>
        <Platform Condition="'$(Platform)'==''">Win32</Platform>
        <TargetedPlatforms>1</TargetedPlatforms>
        <AppType>Application</AppType>
    </PropertyGroup>
    <PropertyGroup Condition="'$(Config)'=='Base' or '$(Base)'!=''">
        <Base>true</Base>
    </PropertyGroup>
    <PropertyGroup Condition="('$(Platform)'=='Win32' and '$(Base)'=='true') or '$(Base_Win32)'!=''">
        <Base_Win32>true</Base_Win32>
        <CfgParent>Base</CfgParent>
        <Base>true</Base>
    </PropertyGroup>
    <PropertyGroup Condition="('$(Platform)'=='Win64' and '$(Base)'=='true') or '$(Base_Win64)'!=''">
        <Base_Win64>true</Base_Win64>
        <CfgParent>Base</CfgParent>
        <Base>true</Base>
    </PropertyGroup>
    <PropertyGroup Condition="'$(Config)'=='Debug' or '$(Cfg_1)'!=''">
        <Cfg_1>true</Cfg_1>
        <CfgParent>Base</CfgParent>
        <Base>true</Base>
    </PropertyGroup>
    <PropertyGroup Condition="('$(Platform)'=='Win32' and '$(Cfg_1)'=='true') or '$(Cfg_1_Win32)'!=''">
        <Cfg_1_Win32>true</Cfg_1_Win32>
        <CfgParent>Cfg_1</CfgParent>
        <Cfg_1>true</Cfg_1>
        <Base>true</Base>
    </PropertyGroup>
    <PropertyGroup Condition="'$(Config)'=='Release' or '$(Cfg_2)'!=''">
        <Cfg_2>true</Cfg_2>
        <CfgParent>Base</CfgParent>
        <Base>true</Base>
    </PropertyGroup>
    <PropertyGroup Condition="('$(Platform)'=='Win32' and '$(Cfg_2)'=='true') or '$(Cfg_2_Win32)'!=''">
        <Cfg_2_Win32>true</Cfg_2_Win32>
        <CfgParent>Cfg_2</CfgParent>
        <Cfg_2>true</Cfg_2>
        <Base>true</Base>
    </PropertyGroup>
    <PropertyGroup Condition="'$(Base)'!=''">
        <SanitizedProjectName>ServidorDSRestWK</SanitizedProjectName>
        <PostBuildEvent><![CDATA[if exist "$(BDS)\ObjRepos\en\dsrest\dsPostBuild.bat" ( call "$(BDS)\ObjRepos\en\dsrest\dsPostBuild.bat" "$(PROJECTDIR)" "$(OUTPUTDIR)" )
$(PostBuildEvent)]]></PostBuildEvent>
        <Icns_MainIcns>$(BDS)\bin\delphi_PROJECTICNS.icns</Icns_MainIcns>
        <Icon_MainIcon>$(BDS)\bin\delphi_PROJECTICON.ico</Icon_MainIcon>
        <DCC_Namespace>System;Xml;Data;Datasnap;Web;Soap;Vcl;Vcl.Imaging;Vcl.Touch;Vcl.Samples;Vcl.Shell;$(DCC_Namespace)</DCC_Namespace>
        <DCC_DcuOutput>.\$(Platform)\$(Config)</DCC_DcuOutput>
        <DCC_ExeOutput>.\$(Platform)\$(Config)</DCC_ExeOutput>
        <DCC_E>false</DCC_E>
        <DCC_N>false</DCC_N>
        <DCC_S>false</DCC_S>
        <DCC_F>false</DCC_F>
        <DCC_K>false</DCC_K>
    </PropertyGroup>
    <PropertyGroup Condition="'$(Base_Win32)'!=''">
        <DCC_ExeOutput>C:\WK\$(Config)</DCC_ExeOutput>
        <DCC_DcuOutput>C:\WK\$(Config)</DCC_DcuOutput>
        <DCC_UsePackage>cxSchedulerTreeBrowserRS20;JvGlobus;dxPSdxPDFViewerLnkRS20;frxADO20;JvMM;dxRichEditCoreRS20;dxFireDACServerModeRS20;JvManagedThreads;cxGridRS20;dxPScxExtCommonRS20;dxSkinOffice2007SilverRS20;dxPSdxLCLnkRS20;frxe20;cxPageControlRS20;dxPSdxSpreadSheetLnkRS20;FireDACPgDriver;TWebCam;dxRichEditInplaceRS20;JvCrypt;dxPSdxMapControlLnkRS20;dxSkinVisualStudio2013DarkRS20;DBXInterBaseDriver;DataSnapServer;DataSnapCommon;JvNet;Rave110VCL;dxSkinSharpRS20;FortesReportCE_Win32_DXE6_vcl;JvDotNetCtrls;dxSkinTheBezierRS20;DbxCommonDriver;dxLayoutControlRS20;vclimg;dxSkinSilverRS20;dbxcds;DatasnapConnectorsFreePascal;JvXPCtrls;dxPSCoreRS20;dxSkinOffice2013LightGrayRS20;vcldb;dxPSTeeChartRS20;dxSkinOffice2013WhiteRS20;dxSkinMcSkinRS20;CustomIPTransport;dsnap;IndyIPServer;dxSkinCoffeeRS20;dxSkinGlassOceansRS20;IndyCore;dxSkinOffice2010SilverRS20;dxRichEditControlCoreRS20;dxComnRS20;CloudService;dxFlowChartRS20;dxSkinOffice2013DarkGrayRS20;FmxTeeUI;FireDACIBDriver;dxDBXServerModeRS20;cxTreeListdxBarPopupMenuRS20;dxSkinOffice2007PinkRS20;dxSkinSpringTimeRS20;pckUCDataConnector;dxOfficeCoreRS20;LibMSI;JvDB;JvRuntimeDesign;dxPsPrVwAdvRS20;dxSkinDevExpressDarkStyleRS20;dxSkiniMaginaryRS20;cxSchedulerGridRS20;dxtrmdRS20;dxSkinVisualStudio2013BlueRS20;dsnapxml;dxFlowChartAdvancedCustomizeFormRS20;JclDeveloperTools;FireDACDb2Driver;dxAuthorizationAgentsRS20;dxSpreadSheetRS20;dxSkinMoneyTwinsRS20;dxPScxGridLnkRS20;fsIBX20;dxSkinOffice2007GreenRS20;dxPScxTLLnkRS20;dxRichEditControlRS20;cxPivotGridOLAPRS20;dxPSdxFCLnkRS20;dxPSdxGaugeControlLnkRS20;bindcompfmx;frx20;dxPDFViewerRS20;vcldbx;dxSpreadSheetConditionalFormattingDialogsRS20;FireDACODBCDriver;RESTBackendComponents;dbrtl;FireDACCommon;bindcomp;inetdb;dxSpreadSheetInplaceRichEditRS20;JvPluginSystem;dxSkinVisualStudio2013LightRS20;DBXOdbcDriver;JvCmp;vclFireDAC;JvTimeFramework;xmlrtl;ibxpress;dxSkinOffice2007BlackRS20;FireDACCommonDriver;bindengine;vclactnband;soaprtl;FMXTee;dxGDIPlusRS20;bindcompvcl;Jcl;vclie;dxPSRichEditControlLnkRS20;QRWRunDXE6w64;cxVerticalGridRS20;dxRibbonCustomizationFormRS20;cxSchedulerRS20;dxSkinBlackRS20;FireDACMSSQLDriver;DBXInformixDriver;dxSkinSummer2008RS20;Intraweb;DataSnapServerMidas;dsnapcon;DBXFirebirdDriver;inet;dxBarRS20;cxDataRS20;dxSkinDarkSideRS20;JvPascalInterpreter;FireDACMySQLDriver;soapmidas;vclx;dxPScxVGridLnkRS20;dxSkinLondonLiquidSkyRS20;dxCoreRS20;DBXSybaseASADriver;RESTComponents;dxPSPrVwRibbonRS20;dbexpress;dxPSLnksRS20;JvBDE;IndyIPClient;dxSpellCheckerRS20;dxBarExtItemsRS20;dxSpreadSheetCoreConditionalFormattingDialogsRS20;frxcs20;frxIBX20;dxdbtrRS20;FireDACSqliteDriver;FireDACDSDriver;cxSchedulerRibbonStyleEventEditorRS20;DBXSqliteDriver;AbbreviaVCL;fmx;dxSkinVS2010RS20;JvDlgs;IndySystem;dxPScxPCProdRS20;TeeDB;tethering;dxSpreadSheetCoreRS20;dxSkinXmas2008BlueRS20;inetdbbde;vclib;DataSnapClient;dxTabbedMDIRS20;dxmdsRS20;DataSnapProviderClient;DBXSybaseASEDriver;dxdborRS20;dxPSdxDBTVLnkRS20;pckUCMidasConn;fsBDE20;MetropolisUILiveTile;dxSkinCaramelRS20;dxPScxSchedulerLnkRS20;dxSkinLiquidSkyRS20;dxSkinOffice2016DarkRS20;vcldsnap;dxGaugeControlRS20;dxSpreadSheetReportDesignerRS20;dxSkinDevExpressStyleRS20;fmxFireDAC;cxPivotGridChartRS20;DBXDb2Driver;DBXOracleDriver;dxSkinOffice2010BlueRS20;JvCore;vclribbon;cxExportRS20;dxServerModeRS20;dxSkinMetropolisDarkRS20;fmxase;vcl;DBXMSSQLDriver;IndyIPCommon;CodeSiteExpressPkg;dxSkinBlueRS20;dxSkinOffice2010BlackRS20;DataSnapFireDAC;FireDACDBXDriver;dxBarExtDBItemsRS20;JvAppFrm;soapserver;dxPSDBTeeChartRS20;dxHttpIndyRequestRS20;dxADOEMFRS20;inetdbxpress;dxADOServerModeRS20;dxSkinBlueprintRS20;dxSkinFoggyRS20;dxSkinSharpPlusRS20;frxTee20;FireDACInfxDriver;fsTee20;cxPivotGridRS20;JvDocking;adortl;frxDB20;dxFireDACEMFRS20;JvWizards;dxSkinOffice2016ColorfulRS20;dxRibbonRS20;FireDACASADriver;dxSkinHighContrastRS20;JvHMI;pckUCDBXConn;dxSkinTheAsphaltWorldRS20;JvBands;fsADO20;dxBarDBNavRS20;rtl;DbxClientDriver;dxSkinMetropolisRS20;dxNavBarRS20;dxDockingRS20;Tee;JclContainers;dxSkinOffice2007BlueRS20;pckUserControl_RT;frxDBX20;dxSkinValentineRS20;JvSystem;DataSnapNativeClient;svnui;JvControls;dxSpreadSheetCoreDialogsRS20;IndyProtocols;DBXMySQLDriver;dxPScxCommonRS20;dxSkinSevenClassicRS20;frxBDE20;dxSkinPumpkinRS20;bindcompdbx;TeeUI;JvJans;JvPrintPreview;JvPageComps;JvStdCtrls;JvCustom;dxRichEditDocumentModelRS20;dxEMFRS20;FireDACADSDriver;vcltouch;dxSkinDarkRoomRS20;dxSkinStardustRS20;cxEditorsRS20;dxorgcRS20;dxPSdxDBOCLnkRS20;VclSmp;FireDAC;VCLRESTComponents;dxSkinsCoreRS20;cxSchedulerWebServiceStorageRS20;DataSnapConnectors;dxSkinSevenRS20;fsDB20;cxLibraryRS20;fmxobj;dxMapControlRS20;JclVcl;fs20;svn;EIT;dxWizardControlRS20;FireDACOracleDriver;fmxdae;dxSkinLilianRS20;dxSkinWhiteprintRS20;dxPScxPivotGridLnkRS20;bdertl;dxThemeRS20;dxPSdxOCLnkRS20;cxTreeListRS20;FireDACMSAccDriver;DataSnapIndy10ServerTransport;dxTileControlRS20;$(DCC_UsePackage)</DCC_UsePackage>
        <VerInfo_IncludeVerInfo>true</VerInfo_IncludeVerInfo>
        <VerInfo_Locale>1033</VerInfo_Locale>
        <VerInfo_Keys>CompanyName=;FileDescription=;FileVersion=1.0.0.0;InternalName=;LegalCopyright=;LegalTrademarks=;OriginalFilename=;ProductName=;ProductVersion=1.0.0.0;Comments=</VerInfo_Keys>
        <DCC_Namespace>Winapi;System.Win;Data.Win;Datasnap.Win;Web.Win;Soap.Win;Xml.Win;Bde;$(DCC_Namespace)</DCC_Namespace>
        <Manifest_File>$(BDS)\bin\default_app.manifest</Manifest_File>
    </PropertyGroup>
    <PropertyGroup Condition="'$(Base_Win64)'!=''">
        <DCC_UsePackage>cxSchedulerTreeBrowserRS20;dxPSdxPDFViewerLnkRS20;dxRichEditCoreRS20;dxFireDACServerModeRS20;cxGridRS20;dxPScxExtCommonRS20;dxSkinOffice2007SilverRS20;dxPSdxLCLnkRS20;cxPageControlRS20;dxPSdxSpreadSheetLnkRS20;FireDACPgDriver;dxRichEditInplaceRS20;dxPSdxMapControlLnkRS20;dxSkinVisualStudio2013DarkRS20;DBXInterBaseDriver;DataSnapServer;DataSnapCommon;dxSkinSharpRS20;dxSkinTheBezierRS20;DbxCommonDriver;dxLayoutControlRS20;vclimg;dxSkinSilverRS20;dbxcds;DatasnapConnectorsFreePascal;dxPSCoreRS20;dxSkinOffice2013LightGrayRS20;vcldb;dxPSTeeChartRS20;dxSkinOffice2013WhiteRS20;dxSkinMcSkinRS20;CustomIPTransport;dsnap;IndyIPServer;dxSkinCoffeeRS20;dxSkinGlassOceansRS20;IndyCore;dxSkinOffice2010SilverRS20;dxRichEditControlCoreRS20;dxComnRS20;CloudService;dxFlowChartRS20;dxSkinOffice2013DarkGrayRS20;FmxTeeUI;FireDACIBDriver;dxDBXServerModeRS20;cxTreeListdxBarPopupMenuRS20;dxSkinOffice2007PinkRS20;dxSkinSpringTimeRS20;dxOfficeCoreRS20;dxPsPrVwAdvRS20;dxSkinDevExpressDarkStyleRS20;dxSkiniMaginaryRS20;cxSchedulerGridRS20;dxtrmdRS20;dxSkinVisualStudio2013BlueRS20;dsnapxml;dxFlowChartAdvancedCustomizeFormRS20;FireDACDb2Driver;dxAuthorizationAgentsRS20;dxSpreadSheetRS20;dxSkinMoneyTwinsRS20;dxPScxGridLnkRS20;dxSkinOffice2007GreenRS20;dxPScxTLLnkRS20;dxRichEditControlRS20;cxPivotGridOLAPRS20;dxPSdxFCLnkRS20;dxPSdxGaugeControlLnkRS20;bindcompfmx;dxPDFViewerRS20;dxSpreadSheetConditionalFormattingDialogsRS20;FireDACODBCDriver;RESTBackendComponents;dbrtl;FireDACCommon;bindcomp;inetdb;dxSpreadSheetInplaceRichEditRS20;dxSkinVisualStudio2013LightRS20;DBXOdbcDriver;vclFireDAC;xmlrtl;ibxpress;dxSkinOffice2007BlackRS20;FireDACCommonDriver;bindengine;vclactnband;soaprtl;FMXTee;dxGDIPlusRS20;bindcompvcl;vclie;dxPSRichEditControlLnkRS20;QRWRunDXE6w64;cxVerticalGridRS20;dxRibbonCustomizationFormRS20;cxSchedulerRS20;dxSkinBlackRS20;FireDACMSSQLDriver;DBXInformixDriver;dxSkinSummer2008RS20;Intraweb;DataSnapServerMidas;dsnapcon;DBXFirebirdDriver;inet;dxBarRS20;cxDataRS20;dxSkinDarkSideRS20;FireDACMySQLDriver;soapmidas;vclx;dxPScxVGridLnkRS20;dxSkinLondonLiquidSkyRS20;dxCoreRS20;DBXSybaseASADriver;RESTComponents;dxPSPrVwRibbonRS20;dbexpress;dxPSLnksRS20;IndyIPClient;dxSpellCheckerRS20;dxBarExtItemsRS20;dxSpreadSheetCoreConditionalFormattingDialogsRS20;dxdbtrRS20;FireDACSqliteDriver;FireDACDSDriver;cxSchedulerRibbonStyleEventEditorRS20;DBXSqliteDriver;AbbreviaVCL;fmx;dxSkinVS2010RS20;IndySystem;dxPScxPCProdRS20;TeeDB;tethering;dxSpreadSheetCoreRS20;dxSkinXmas2008BlueRS20;vclib;DataSnapClient;dxTabbedMDIRS20;dxmdsRS20;DataSnapProviderClient;DBXSybaseASEDriver;dxdborRS20;dxPSdxDBTVLnkRS20;MetropolisUILiveTile;dxSkinCaramelRS20;dxPScxSchedulerLnkRS20;dxSkinLiquidSkyRS20;dxSkinOffice2016DarkRS20;vcldsnap;dxGaugeControlRS20;dxSpreadSheetReportDesignerRS20;dxSkinDevExpressStyleRS20;fmxFireDAC;cxPivotGridChartRS20;DBXDb2Driver;DBXOracleDriver;dxSkinOffice2010BlueRS20;vclribbon;cxExportRS20;dxServerModeRS20;dxSkinMetropolisDarkRS20;fmxase;vcl;DBXMSSQLDriver;IndyIPCommon;dxSkinBlueRS20;dxSkinOffice2010BlackRS20;DataSnapFireDAC;FireDACDBXDriver;dxBarExtDBItemsRS20;soapserver;dxPSDBTeeChartRS20;dxHttpIndyRequestRS20;dxADOEMFRS20;inetdbxpress;dxADOServerModeRS20;dxSkinBlueprintRS20;dxSkinFoggyRS20;dxSkinSharpPlusRS20;FireDACInfxDriver;cxPivotGridRS20;adortl;dxFireDACEMFRS20;dxSkinOffice2016ColorfulRS20;dxRibbonRS20;FireDACASADriver;dxSkinHighContrastRS20;dxSkinTheAsphaltWorldRS20;dxBarDBNavRS20;rtl;DbxClientDriver;dxSkinMetropolisRS20;dxNavBarRS20;dxDockingRS20;Tee;dxSkinOffice2007BlueRS20;dxSkinValentineRS20;DataSnapNativeClient;dxSpreadSheetCoreDialogsRS20;IndyProtocols;DBXMySQLDriver;dxPScxCommonRS20;dxSkinSevenClassicRS20;dxSkinPumpkinRS20;bindcompdbx;TeeUI;dxRichEditDocumentModelRS20;dxEMFRS20;FireDACADSDriver;vcltouch;dxSkinDarkRoomRS20;dxSkinStardustRS20;cxEditorsRS20;dxorgcRS20;dxPSdxDBOCLnkRS20;VclSmp;FireDAC;VCLRESTComponents;dxSkinsCoreRS20;cxSchedulerWebServiceStorageRS20;DataSnapConnectors;dxSkinSevenRS20;cxLibraryRS20;fmxobj;dxMapControlRS20;dxWizardControlRS20;FireDACOracleDriver;fmxdae;dxSkinLilianRS20;dxSkinWhiteprintRS20;dxPScxPivotGridLnkRS20;dxThemeRS20;dxPSdxOCLnkRS20;cxTreeListRS20;FireDACMSAccDriver;DataSnapIndy10ServerTransport;dxTileControlRS20;$(DCC_UsePackage)</DCC_UsePackage>
    </PropertyGroup>
    <PropertyGroup Condition="'$(Cfg_1)'!=''">
        <DCC_Define>DEBUG;$(DCC_Define)</DCC_Define>
        <DCC_DebugDCUs>true</DCC_DebugDCUs>
        <DCC_Optimize>false</DCC_Optimize>
        <DCC_GenerateStackFrames>true</DCC_GenerateStackFrames>
        <DCC_DebugInfoInExe>true</DCC_DebugInfoInExe>
        <DCC_RemoteDebug>true</DCC_RemoteDebug>
    </PropertyGroup>
    <PropertyGroup Condition="'$(Cfg_1_Win32)'!=''">
        <VerInfo_Locale>1033</VerInfo_Locale>
        <VerInfo_IncludeVerInfo>true</VerInfo_IncludeVerInfo>
        <DCC_RemoteDebug>false</DCC_RemoteDebug>
    </PropertyGroup>
    <PropertyGroup Condition="'$(Cfg_2)'!=''">
        <DCC_LocalDebugSymbols>false</DCC_LocalDebugSymbols>
        <DCC_Define>RELEASE;$(DCC_Define)</DCC_Define>
        <DCC_SymbolReferenceInfo>0</DCC_SymbolReferenceInfo>
        <DCC_DebugInformation>0</DCC_DebugInformation>
    </PropertyGroup>
    <PropertyGroup Condition="'$(Cfg_2_Win32)'!=''">
        <VerInfo_Locale>1033</VerInfo_Locale>
        <VerInfo_IncludeVerInfo>true</VerInfo_IncludeVerInfo>
    </PropertyGroup>
    <ItemGroup>
        <DelphiCompile Include="$(MainSource)">
            <MainSource>MainSource</MainSource>
        </DelphiCompile>
        <DCCReference Include="ServidorDataSnapRestWK.pas">
            <Form>Form1</Form>
            <FormType>dfm</FormType>
        </DCCReference>
        <DCCReference Include="ServerMethodsWK.pas">
            <Form>ServerMethods1</Form>
            <FormType>dfm</FormType>
            <DesignClass>TDataModule</DesignClass>
        </DCCReference>
        <DCCReference Include="ServerContainerWK.pas">
            <Form>ServerContainer1</Form>
            <FormType>dfm</FormType>
            <DesignClass>TDataModule</DesignClass>
        </DCCReference>
        <DCCReference Include="WebModuleWK.pas">
            <Form>WebModule1</Form>
            <FormType>dfm</FormType>
            <DesignClass>TWebModule</DesignClass>
        </DCCReference>
        <None Include="css\main.css"/>
        <None Include="css\ServerFunctionInvoker.css"/>
        <RcItem Include="images\collapse.png">
            <ResourceType>RCDATA</ResourceType>
            <ResourceId>PngImage_1</ResourceId>
        </RcItem>
        <RcItem Include="images\expand.png">
            <ResourceType>RCDATA</ResourceType>
            <ResourceId>PngImage_2</ResourceId>
        </RcItem>
        <None Include="templates\ReverseString.html"/>
        <None Include="templates\ServerFunctionInvoker.html"/>
        <None Include="js\base64.js"/>
        <None Include="js\base64-min.js"/>
        <None Include="js\CallbackFramework.js"/>
        <None Include="js\CallbackFramework-min.js"/>
        <None Include="js\connection.js"/>
        <None Include="js\json2.js"/>
        <None Include="js\json2-min.js"/>
        <None Include="js\ServerFunctionExecutor.js"/>
        <None Include="js\ServerFunctionExecutor-min.js"/>
        <None Include="js\ServerFunctionInvoker.js"/>
        <None Include="js\ServerFunctions.js"/>
        <BuildConfiguration Include="Release">
            <Key>Cfg_2</Key>
            <CfgParent>Base</CfgParent>
        </BuildConfiguration>
        <BuildConfiguration Include="Base">
            <Key>Base</Key>
        </BuildConfiguration>
        <BuildConfiguration Include="Debug">
            <Key>Cfg_1</Key>
            <CfgParent>Base</CfgParent>
        </BuildConfiguration>
    </ItemGroup>
    <ProjectExtensions>
        <Borland.Personality>Delphi.Personality.12</Borland.Personality>
        <Borland.ProjectType/>
        <BorlandProject>
            <Delphi.Personality>
                <Source>
                    <Source Name="MainSource">ServidorDSRestWK.dpr</Source>
                </Source>
                <Excluded_Packages>
                    <Excluded_Packages Name="$(BDSBIN)\dcloffice2k200.bpl">Microsoft Office 2000 Sample Automation Server Wrapper Components</Excluded_Packages>
                    <Excluded_Packages Name="$(BDSBIN)\dclofficexp200.bpl">Microsoft Office XP Sample Automation Server Wrapper Components</Excluded_Packages>
                </Excluded_Packages>
            </Delphi.Personality>
            <Deployment/>
            <Platforms>
                <Platform value="Win32">True</Platform>
                <Platform value="Win64">False</Platform>
            </Platforms>
        </BorlandProject>
        <ProjectFileVersion>12</ProjectFileVersion>
    </ProjectExtensions>
    <Import Project="$(BDS)\Bin\CodeGear.Delphi.Targets" Condition="Exists('$(BDS)\Bin\CodeGear.Delphi.Targets')"/>
    <Import Project="$(APPDATA)\Embarcadero\$(BDSAPPDATABASEDIR)\$(PRODUCTVERSION)\UserTools.proj" Condition="Exists('$(APPDATA)\Embarcadero\$(BDSAPPDATABASEDIR)\$(PRODUCTVERSION)\UserTools.proj')"/>
    <PropertyGroup Condition="'$(Config)'=='Debug' And '$(Platform)'=='Win32'">
        <PreBuildEvent/>
        <PreBuildEventIgnoreExitCode>False</PreBuildEventIgnoreExitCode>
        <PreLinkEvent/>
        <PreLinkEventIgnoreExitCode>False</PreLinkEventIgnoreExitCode>
        <PostBuildEvent>if exist &quot;$(BDS)\ObjRepos\en\dsrest\dsPostBuild.bat&quot; ( call &quot;$(BDS)\ObjRepos\en\dsrest\dsPostBuild.bat&quot; &quot;$(PROJECTDIR)&quot; &quot;$(OUTPUTDIR)&quot; )</PostBuildEvent>
        <PostBuildEventIgnoreExitCode>False</PostBuildEventIgnoreExitCode>
    </PropertyGroup>
    <PropertyGroup Condition="'$(Config)'=='Debug' And '$(Platform)'=='Win64'">
        <PreBuildEvent/>
        <PreBuildEventIgnoreExitCode>False</PreBuildEventIgnoreExitCode>
        <PreLinkEvent/>
        <PreLinkEventIgnoreExitCode>False</PreLinkEventIgnoreExitCode>
        <PostBuildEvent>if exist &quot;$(BDS)\ObjRepos\en\dsrest\dsPostBuild.bat&quot; ( call &quot;$(BDS)\ObjRepos\en\dsrest\dsPostBuild.bat&quot; &quot;$(PROJECTDIR)&quot; &quot;$(OUTPUTDIR)&quot; )</PostBuildEvent>
        <PostBuildEventIgnoreExitCode>False</PostBuildEventIgnoreExitCode>
    </PropertyGroup>
    <PropertyGroup Condition="'$(Config)'=='Release' And '$(Platform)'=='Win32'">
        <PreBuildEvent/>
        <PreBuildEventIgnoreExitCode>False</PreBuildEventIgnoreExitCode>
        <PreLinkEvent/>
        <PreLinkEventIgnoreExitCode>False</PreLinkEventIgnoreExitCode>
        <PostBuildEvent>if exist &quot;$(BDS)\ObjRepos\en\dsrest\dsPostBuild.bat&quot; ( call &quot;$(BDS)\ObjRepos\en\dsrest\dsPostBuild.bat&quot; &quot;$(PROJECTDIR)&quot; &quot;$(OUTPUTDIR)&quot; )</PostBuildEvent>
        <PostBuildEventIgnoreExitCode>False</PostBuildEventIgnoreExitCode>
    </PropertyGroup>
    <PropertyGroup Condition="'$(Config)'=='Release' And '$(Platform)'=='Win64'">
        <PreBuildEvent/>
        <PreBuildEventIgnoreExitCode>False</PreBuildEventIgnoreExitCode>
        <PreLinkEvent/>
        <PreLinkEventIgnoreExitCode>False</PreLinkEventIgnoreExitCode>
        <PostBuildEvent>if exist &quot;$(BDS)\ObjRepos\en\dsrest\dsPostBuild.bat&quot; ( call &quot;$(BDS)\ObjRepos\en\dsrest\dsPostBuild.bat&quot; &quot;$(PROJECTDIR)&quot; &quot;$(OUTPUTDIR)&quot; )</PostBuildEvent>
        <PostBuildEventIgnoreExitCode>False</PostBuildEventIgnoreExitCode>
    </PropertyGroup>
</Project>
